
Microsoft Visual Studio Solution File, Format Version 12.00
# Visual Studio Version 17
VisualStudioVersion = 17.7.34031.279
MinimumVisualStudioVersion = 10.0.40219.1
Project("{FAE04EC0-301F-11D3-BF4B-00C04F79EFBC}") = "Assignment 4", "Assignmentone\Assignment 4.csproj", "{C28771DF-1779-4599-B585-6275E52A65C5}"
EndProject
Project("{FAE04EC0-301F-11D3-BF4B-00C04F79EFBC}") = "EmployeeBusinessLogicLayer", "EmployeeBusinessLogicLayer\EmployeeBusinessLogicLayer.csproj", "{982F6D7E-C85A-4E66-9324-47C9F2A5B24A}"
EndProject
Global
	GlobalSection(SolutionConfigurationPlatforms) = preSolution
		Debug|Any CPU = Debug|Any CPU
		Release|Any CPU = Release|Any CPU
	EndGlobalSection
	GlobalSection(ProjectConfigurationPlatforms) = postSolution
		{C28771DF-1779-4599-B585-6275E52A65C5}.Debug|Any CPU.ActiveCfg = Debug|Any CPU
		{C28771DF-1779-4599-B585-6275E52A65C5}.Debug|Any CPU.Build.0 = Debug|Any CPU
		{C28771DF-1779-4599-B585-6275E52A65C5}.Release|Any CPU.ActiveCfg = Release|Any CPU
		{C28771DF-1779-4599-B585-6275E52A65C5}.Release|Any CPU.Build.0 = Release|Any CPU
		{982F6D7E-C85A-4E66-9324-47C9F2A5B24A}.Debug|Any CPU.ActiveCfg = Debug|Any CPU
		{982F6D7E-C85A-4E66-9324-47C9F2A5B24A}.Debug|Any CPU.Build.0 = Debug|Any CPU
		{982F6D7E-C85A-4E66-9324-47C9F2A5B24A}.Release|Any CPU.ActiveCfg = Release|Any CPU
		{982F6D7E-C85A-4E66-9324-47C9F2A5B24A}.Release|Any CPU.Build.0 = Release|Any CPU
	EndGlobalSection
	GlobalSection(SolutionProperties) = preSolution
		HideSolutionNode = FALSE
	EndGlobalSection
	GlobalSection(ExtensibilityGlobals) = postSolution
		SolutionGuid = {17F2079F-C8EE-4661-A2BD-8BA1E0DEA120}
	EndGlobalSection
EndGlobal
